
Microsoft Visual Studio Solution File, Format Version 12.00
# Visual Studio Express 2012 for Windows Desktop
Project("{FAE04EC0-301F-11D3-BF4B-00C04F79EFBC}") = "XamppServer", "XamppServer\XamppServer.csproj", "{5BEA13C2-5CC1-4824-A43E-774F3D67F8FE}"
EndProject
Global
	GlobalSection(SolutionConfigurationPlatforms) = preSolution
		Debug|Any CPU = Debug|Any CPU
		Release|Any CPU = Release|Any CPU
	EndGlobalSection
	GlobalSection(ProjectConfigurationPlatforms) = postSolution
		{5BEA13C2-5CC1-4824-A43E-774F3D67F8FE}.Debug|Any CPU.ActiveCfg = Debug|Any CPU
		{5BEA13C2-5CC1-4824-A43E-774F3D67F8FE}.Debug|Any CPU.Build.0 = Debug|Any CPU
		{5BEA13C2-5CC1-4824-A43E-774F3D67F8FE}.Release|Any CPU.ActiveCfg = Release|Any CPU
		{5BEA13C2-5CC1-4824-A43E-774F3D67F8FE}.Release|Any CPU.Build.0 = Release|Any CPU
	EndGlobalSection
	GlobalSection(SolutionProperties) = preSolution
		HideSolutionNode = FALSE
	EndGlobalSection
EndGlobal
